
Microsoft Visual Studio Solution File, Format Version 12.00
# Visual Studio Version 16
VisualStudioVersion = 16.0.30413.136
MinimumVisualStudioVersion = 10.0.40219.1
Project("{FAE04EC0-301F-11D3-BF4B-00C04F79EFBC}") = "UntitledSandbox-Server", "UntitledSandbox-Server\UntitledSandbox-Server.csproj", "{45E1F8EF-0C2F-4485-9104-ECB7527E6BAF}"
EndProject
Global
	GlobalSection(SolutionConfigurationPlatforms) = preSolution
		Debug|Any CPU = Debug|Any CPU
		Release|Any CPU = Release|Any CPU
	EndGlobalSection
	GlobalSection(ProjectConfigurationPlatforms) = postSolution
		{45E1F8EF-0C2F-4485-9104-ECB7527E6BAF}.Debug|Any CPU.ActiveCfg = Debug|Any CPU
		{45E1F8EF-0C2F-4485-9104-ECB7527E6BAF}.Debug|Any CPU.Build.0 = Debug|Any CPU
		{45E1F8EF-0C2F-4485-9104-ECB7527E6BAF}.Release|Any CPU.ActiveCfg = Release|Any CPU
		{45E1F8EF-0C2F-4485-9104-ECB7527E6BAF}.Release|Any CPU.Build.0 = Release|Any CPU
	EndGlobalSection
	GlobalSection(SolutionProperties) = preSolution
		HideSolutionNode = FALSE
	EndGlobalSection
	GlobalSection(ExtensibilityGlobals) = postSolution
		SolutionGuid = {D459DF44-E789-4F0F-AABD-D68E2C4902AB}
	EndGlobalSection
EndGlobal
